
Microsoft Visual Studio Solution File, Format Version 12.00
# Visual Studio 15
VisualStudioVersion = 15.0.28307.329
MinimumVisualStudioVersion = 10.0.40219.1
Project("{FAE04EC0-301F-11D3-BF4B-00C04F79EFBC}") = "DatingApp.Android", "DatingApp\DatingApp.Android\DatingApp.Android.csproj", "{F81BED47-6CC4-4024-BF37-11680087692E}"
EndProject
Project("{FAE04EC0-301F-11D3-BF4B-00C04F79EFBC}") = "DatingApp.iOS", "DatingApp\DatingApp.iOS\DatingApp.iOS.csproj", "{DC661584-0D70-4F8C-BDF9-9C38A21C6762}"
EndProject
Project("{FAE04EC0-301F-11D3-BF4B-00C04F79EFBC}") = "DatingApp", "DatingApp\DatingApp\DatingApp.csproj", "{EA9B4705-5452-4199-A3D5-EF2B7C7DA29A}"
EndProject
Global
	GlobalSection(SolutionConfigurationPlatforms) = preSolution
		Ad-Hoc|Any CPU = Ad-Hoc|Any CPU
		Ad-Hoc|iPhone = Ad-Hoc|iPhone
		Ad-Hoc|iPhoneSimulator = Ad-Hoc|iPhoneSimulator
		AppStore|Any CPU = AppStore|Any CPU
		AppStore|iPhone = AppStore|iPhone
		AppStore|iPhoneSimulator = AppStore|iPhoneSimulator
		Debug|Any CPU = Debug|Any CPU
		Debug|iPhone = Debug|iPhone
		Debug|iPhoneSimulator = Debug|iPhoneSimulator
		Release|Any CPU = Release|Any CPU
		Release|iPhone = Release|iPhone
		Release|iPhoneSimulator = Release|iPhoneSimulator
	EndGlobalSection
	GlobalSection(ProjectConfigurationPlatforms) = postSolution
		{F81BED47-6CC4-4024-BF37-11680087692E}.Ad-Hoc|Any CPU.ActiveCfg = Release|Any CPU
		{F81BED47-6CC4-4024-BF37-11680087692E}.Ad-Hoc|Any CPU.Build.0 = Release|Any CPU
		{F81BED47-6CC4-4024-BF37-11680087692E}.Ad-Hoc|Any CPU.Deploy.0 = Release|Any CPU
		{F81BED47-6CC4-4024-BF37-11680087692E}.Ad-Hoc|iPhone.ActiveCfg = Release|Any CPU
		{F81BED47-6CC4-4024-BF37-11680087692E}.Ad-Hoc|iPhone.Build.0 = Release|Any CPU
		{F81BED47-6CC4-4024-BF37-11680087692E}.Ad-Hoc|iPhone.Deploy.0 = Release|Any CPU
		{F81BED47-6CC4-4024-BF37-11680087692E}.Ad-Hoc|iPhoneSimulator.ActiveCfg = Release|Any CPU
		{F81BED47-6CC4-4024-BF37-11680087692E}.Ad-Hoc|iPhoneSimulator.Build.0 = Release|Any CPU
		{F81BED47-6CC4-4024-BF37-11680087692E}.Ad-Hoc|iPhoneSimulator.Deploy.0 = Release|Any CPU
		{F81BED47-6CC4-4024-BF37-11680087692E}.AppStore|Any CPU.ActiveCfg = Release|Any CPU
		{F81BED47-6CC4-4024-BF37-11680087692E}.AppStore|Any CPU.Build.0 = Release|Any CPU
		{F81BED47-6CC4-4024-BF37-11680087692E}.AppStore|Any CPU.Deploy.0 = Release|Any CPU
		{F81BED47-6CC4-4024-BF37-11680087692E}.AppStore|iPhone.ActiveCfg = Release|Any CPU
		{F81BED47-6CC4-4024-BF37-11680087692E}.AppStore|iPhone.Build.0 = Release|Any CPU
		{F81BED47-6CC4-4024-BF37-11680087692E}.AppStore|iPhone.Deploy.0 = Release|Any CPU
		{F81BED47-6CC4-4024-BF37-11680087692E}.AppStore|iPhoneSimulator.ActiveCfg = Release|Any CPU
		{F81BED47-6CC4-4024-BF37-11680087692E}.AppStore|iPhoneSimulator.Build.0 = Release|Any CPU
		{F81BED47-6CC4-4024-BF37-11680087692E}.AppStore|iPhoneSimulator.Deploy.0 = Release|Any CPU
		{F81BED47-6CC4-4024-BF37-11680087692E}.Debug|Any CPU.ActiveCfg = Debug|Any CPU
		{F81BED47-6CC4-4024-BF37-11680087692E}.Debug|Any CPU.Build.0 = Debug|Any CPU
		{F81BED47-6CC4-4024-BF37-11680087692E}.Debug|Any CPU.Deploy.0 = Debug|Any CPU
		{F81BED47-6CC4-4024-BF37-11680087692E}.Debug|iPhone.ActiveCfg = Debug|Any CPU
		{F81BED47-6CC4-4024-BF37-11680087692E}.Debug|iPhone.Build.0 = Debug|Any CPU
		{F81BED47-6CC4-4024-BF37-11680087692E}.Debug|iPhone.Deploy.0 = Debug|Any CPU
		{F81BED47-6CC4-4024-BF37-11680087692E}.Debug|iPhoneSimulator.ActiveCfg = Debug|Any CPU
		{F81BED47-6CC4-4024-BF37-11680087692E}.Debug|iPhoneSimulator.Build.0 = Debug|Any CPU
		{F81BED47-6CC4-4024-BF37-11680087692E}.Debug|iPhoneSimulator.Deploy.0 = Debug|Any CPU
		{F81BED47-6CC4-4024-BF37-11680087692E}.Release|Any CPU.ActiveCfg = Release|Any CPU
		{F81BED47-6CC4-4024-BF37-11680087692E}.Release|Any CPU.Build.0 = Release|Any CPU
		{F81BED47-6CC4-4024-BF37-11680087692E}.Release|Any CPU.Deploy.0 = Release|Any CPU
		{F81BED47-6CC4-4024-BF37-11680087692E}.Release|iPhone.ActiveCfg = Release|Any CPU
		{F81BED47-6CC4-4024-BF37-11680087692E}.Release|iPhone.Build.0 = Release|Any CPU
		{F81BED47-6CC4-4024-BF37-11680087692E}.Release|iPhone.Deploy.0 = Release|Any CPU
		{F81BED47-6CC4-4024-BF37-11680087692E}.Release|iPhoneSimulator.ActiveCfg = Release|Any CPU
		{F81BED47-6CC4-4024-BF37-11680087692E}.Release|iPhoneSimulator.Build.0 = Release|Any CPU
		{F81BED47-6CC4-4024-BF37-11680087692E}.Release|iPhoneSimulator.Deploy.0 = Release|Any CPU
		{DC661584-0D70-4F8C-BDF9-9C38A21C6762}.Ad-Hoc|Any CPU.ActiveCfg = Ad-Hoc|iPhone
		{DC661584-0D70-4F8C-BDF9-9C38A21C6762}.Ad-Hoc|Any CPU.Build.0 = Ad-Hoc|iPhone
		{DC661584-0D70-4F8C-BDF9-9C38A21C6762}.Ad-Hoc|Any CPU.Deploy.0 = Ad-Hoc|iPhone
		{DC661584-0D70-4F8C-BDF9-9C38A21C6762}.Ad-Hoc|iPhone.ActiveCfg = Ad-Hoc|iPhone
		{DC661584-0D70-4F8C-BDF9-9C38A21C6762}.Ad-Hoc|iPhone.Build.0 = Ad-Hoc|iPhone
		{DC661584-0D70-4F8C-BDF9-9C38A21C6762}.Ad-Hoc|iPhone.Deploy.0 = Ad-Hoc|iPhone
		{DC661584-0D70-4F8C-BDF9-9C38A21C6762}.Ad-Hoc|iPhoneSimulator.ActiveCfg = Ad-Hoc|iPhoneSimulator
		{DC661584-0D70-4F8C-BDF9-9C38A21C6762}.Ad-Hoc|iPhoneSimulator.Build.0 = Ad-Hoc|iPhoneSimulator
		{DC661584-0D70-4F8C-BDF9-9C38A21C6762}.Ad-Hoc|iPhoneSimulator.Deploy.0 = Ad-Hoc|iPhoneSimulator
		{DC661584-0D70-4F8C-BDF9-9C38A21C6762}.AppStore|Any CPU.ActiveCfg = AppStore|iPhone
		{DC661584-0D70-4F8C-BDF9-9C38A21C6762}.AppStore|Any CPU.Build.0 = AppStore|iPhone
		{DC661584-0D70-4F8C-BDF9-9C38A21C6762}.AppStore|Any CPU.Deploy.0 = AppStore|iPhone
		{DC661584-0D70-4F8C-BDF9-9C38A21C6762}.AppStore|iPhone.ActiveCfg = AppStore|iPhone
		{DC661584-0D70-4F8C-BDF9-9C38A21C6762}.AppStore|iPhone.Build.0 = AppStore|iPhone
		{DC661584-0D70-4F8C-BDF9-9C38A21C6762}.AppStore|iPhone.Deploy.0 = AppStore|iPhone
		{DC661584-0D70-4F8C-BDF9-9C38A21C6762}.AppStore|iPhoneSimulator.ActiveCfg = AppStore|iPhoneSimulator
		{DC661584-0D70-4F8C-BDF9-9C38A21C6762}.AppStore|iPhoneSimulator.Build.0 = AppStore|iPhoneSimulator
		{DC661584-0D70-4F8C-BDF9-9C38A21C6762}.AppStore|iPhoneSimulator.Deploy.0 = AppStore|iPhoneSimulator
		{DC661584-0D70-4F8C-BDF9-9C38A21C6762}.Debug|Any CPU.ActiveCfg = Debug|iPhoneSimulator
		{DC661584-0D70-4F8C-BDF9-9C38A21C6762}.Debug|Any CPU.Build.0 = Debug|iPhoneSimulator
		{DC661584-0D70-4F8C-BDF9-9C38A21C6762}.Debug|Any CPU.Deploy.0 = Debug|iPhoneSimulator
		{DC661584-0D70-4F8C-BDF9-9C38A21C6762}.Debug|iPhone.ActiveCfg = Debug|iPhone
		{DC661584-0D70-4F8C-BDF9-9C38A21C6762}.Debug|iPhone.Build.0 = Debug|iPhone
		{DC661584-0D70-4F8C-BDF9-9C38A21C6762}.Debug|iPhone.Deploy.0 = Debug|iPhone
		{DC661584-0D70-4F8C-BDF9-9C38A21C6762}.Debug|iPhoneSimulator.ActiveCfg = Debug|iPhoneSimulator
		{DC661584-0D70-4F8C-BDF9-9C38A21C6762}.Debug|iPhoneSimulator.Build.0 = Debug|iPhoneSimulator
		{DC661584-0D70-4F8C-BDF9-9C38A21C6762}.Debug|iPhoneSimulator.Deploy.0 = Debug|iPhoneSimulator
		{DC661584-0D70-4F8C-BDF9-9C38A21C6762}.Release|Any CPU.ActiveCfg = Release|iPhone
		{DC661584-0D70-4F8C-BDF9-9C38A21C6762}.Release|Any CPU.Build.0 = Release|iPhone
		{DC661584-0D70-4F8C-BDF9-9C38A21C6762}.Release|Any CPU.Deploy.0 = Release|iPhone
		{DC661584-0D70-4F8C-BDF9-9C38A21C6762}.Release|iPhone.ActiveCfg = Release|iPhone
		{DC661584-0D70-4F8C-BDF9-9C38A21C6762}.Release|iPhone.Build.0 = Release|iPhone
		{DC661584-0D70-4F8C-BDF9-9C38A21C6762}.Release|iPhone.Deploy.0 = Release|iPhone
		{DC661584-0D70-4F8C-BDF9-9C38A21C6762}.Release|iPhoneSimulator.ActiveCfg = Release|iPhoneSimulator
		{DC661584-0D70-4F8C-BDF9-9C38A21C6762}.Release|iPhoneSimulator.Build.0 = Release|iPhoneSimulator
		{DC661584-0D70-4F8C-BDF9-9C38A21C6762}.Release|iPhoneSimulator.Deploy.0 = Release|iPhoneSimulator
		{EA9B4705-5452-4199-A3D5-EF2B7C7DA29A}.Ad-Hoc|Any CPU.ActiveCfg = Debug|Any CPU
		{EA9B4705-5452-4199-A3D5-EF2B7C7DA29A}.Ad-Hoc|Any CPU.Build.0 = Debug|Any CPU
		{EA9B4705-5452-4199-A3D5-EF2B7C7DA29A}.Ad-Hoc|Any CPU.Deploy.0 = Debug|Any CPU
		{EA9B4705-5452-4199-A3D5-EF2B7C7DA29A}.Ad-Hoc|iPhone.ActiveCfg = Debug|Any CPU
		{EA9B4705-5452-4199-A3D5-EF2B7C7DA29A}.Ad-Hoc|iPhone.Build.0 = Debug|Any CPU
		{EA9B4705-5452-4199-A3D5-EF2B7C7DA29A}.Ad-Hoc|iPhone.Deploy.0 = Debug|Any CPU
		{EA9B4705-5452-4199-A3D5-EF2B7C7DA29A}.Ad-Hoc|iPhoneSimulator.ActiveCfg = Debug|Any CPU
		{EA9B4705-5452-4199-A3D5-EF2B7C7DA29A}.Ad-Hoc|iPhoneSimulator.Build.0 = Debug|Any CPU
		{EA9B4705-5452-4199-A3D5-EF2B7C7DA29A}.Ad-Hoc|iPhoneSimulator.Deploy.0 = Debug|Any CPU
		{EA9B4705-5452-4199-A3D5-EF2B7C7DA29A}.AppStore|Any CPU.ActiveCfg = Debug|Any CPU
		{EA9B4705-5452-4199-A3D5-EF2B7C7DA29A}.AppStore|Any CPU.Build.0 = Debug|Any CPU
		{EA9B4705-5452-4199-A3D5-EF2B7C7DA29A}.AppStore|Any CPU.Deploy.0 = Debug|Any CPU
		{EA9B4705-5452-4199-A3D5-EF2B7C7DA29A}.AppStore|iPhone.ActiveCfg = Debug|Any CPU
		{EA9B4705-5452-4199-A3D5-EF2B7C7DA29A}.AppStore|iPhone.Build.0 = Debug|Any CPU
		{EA9B4705-5452-4199-A3D5-EF2B7C7DA29A}.AppStore|iPhone.Deploy.0 = Debug|Any CPU
		{EA9B4705-5452-4199-A3D5-EF2B7C7DA29A}.AppStore|iPhoneSimulator.ActiveCfg = Debug|Any CPU
		{EA9B4705-5452-4199-A3D5-EF2B7C7DA29A}.AppStore|iPhoneSimulator.Build.0 = Debug|Any CPU
		{EA9B4705-5452-4199-A3D5-EF2B7C7DA29A}.AppStore|iPhoneSimulator.Deploy.0 = Debug|Any CPU
		{EA9B4705-5452-4199-A3D5-EF2B7C7DA29A}.Debug|Any CPU.ActiveCfg = Debug|Any CPU
		{EA9B4705-5452-4199-A3D5-EF2B7C7DA29A}.Debug|Any CPU.Build.0 = Debug|Any CPU
		{EA9B4705-5452-4199-A3D5-EF2B7C7DA29A}.Debug|Any CPU.Deploy.0 = Debug|Any CPU
		{EA9B4705-5452-4199-A3D5-EF2B7C7DA29A}.Debug|iPhone.ActiveCfg = Debug|Any CPU
		{EA9B4705-5452-4199-A3D5-EF2B7C7DA29A}.Debug|iPhone.Build.0 = Debug|Any CPU
		{EA9B4705-5452-4199-A3D5-EF2B7C7DA29A}.Debug|iPhone.Deploy.0 = Debug|Any CPU
		{EA9B4705-5452-4199-A3D5-EF2B7C7DA29A}.Debug|iPhoneSimulator.ActiveCfg = Debug|Any CPU
		{EA9B4705-5452-4199-A3D5-EF2B7C7DA29A}.Debug|iPhoneSimulator.Build.0 = Debug|Any CPU
		{EA9B4705-5452-4199-A3D5-EF2B7C7DA29A}.Debug|iPhoneSimulator.Deploy.0 = Debug|Any CPU
		{EA9B4705-5452-4199-A3D5-EF2B7C7DA29A}.Release|Any CPU.ActiveCfg = Release|Any CPU
		{EA9B4705-5452-4199-A3D5-EF2B7C7DA29A}.Release|Any CPU.Build.0 = Release|Any CPU
		{EA9B4705-5452-4199-A3D5-EF2B7C7DA29A}.Release|Any CPU.Deploy.0 = Release|Any CPU
		{EA9B4705-5452-4199-A3D5-EF2B7C7DA29A}.Release|iPhone.ActiveCfg = Release|Any CPU
		{EA9B4705-5452-4199-A3D5-EF2B7C7DA29A}.Release|iPhone.Build.0 = Release|Any CPU
		{EA9B4705-5452-4199-A3D5-EF2B7C7DA29A}.Release|iPhone.Deploy.0 = Release|Any CPU
		{EA9B4705-5452-4199-A3D5-EF2B7C7DA29A}.Release|iPhoneSimulator.ActiveCfg = Release|Any CPU
		{EA9B4705-5452-4199-A3D5-EF2B7C7DA29A}.Release|iPhoneSimulator.Build.0 = Release|Any CPU
		{EA9B4705-5452-4199-A3D5-EF2B7C7DA29A}.Release|iPhoneSimulator.Deploy.0 = Release|Any CPU
	EndGlobalSection
	GlobalSection(SolutionProperties) = preSolution
		HideSolutionNode = FALSE
	EndGlobalSection
	GlobalSection(ExtensibilityGlobals) = postSolution
		SolutionGuid = {72E4A69F-1796-4301-A9DA-006DA3E8E5C9}
	EndGlobalSection
EndGlobal
